
Microsoft Visual Studio Solution File, Format Version 12.00
# Visual Studio Version 16
VisualStudioVersion = 16.0.31515.178
MinimumVisualStudioVersion = 10.0.40219.1
Project("{9A19103F-16F7-4668-BE54-9A1E7A4F7556}") = "blazor-camera-streamer", "blazor-camera-streamer\blazor-camera-streamer.csproj", "{FE923286-C8BF-4DA6-9711-B5A189218D10}"
EndProject
Project("{FAE04EC0-301F-11D3-BF4B-00C04F79EFBC}") = "blazor-camera-streamer.Demo", "blazor-camera-streamer.Demo\blazor-camera-streamer.Demo.csproj", "{4DEA05A5-C4A9-4922-921B-FD0F4D5FD5B7}"
EndProject
Global
	GlobalSection(SolutionConfigurationPlatforms) = preSolution
		Debug|Any CPU = Debug|Any CPU
		Release|Any CPU = Release|Any CPU
	EndGlobalSection
	GlobalSection(ProjectConfigurationPlatforms) = postSolution
		{FE923286-C8BF-4DA6-9711-B5A189218D10}.Debug|Any CPU.ActiveCfg = Debug|Any CPU
		{FE923286-C8BF-4DA6-9711-B5A189218D10}.Debug|Any CPU.Build.0 = Debug|Any CPU
		{FE923286-C8BF-4DA6-9711-B5A189218D10}.Release|Any CPU.ActiveCfg = Release|Any CPU
		{FE923286-C8BF-4DA6-9711-B5A189218D10}.Release|Any CPU.Build.0 = Release|Any CPU
		{4DEA05A5-C4A9-4922-921B-FD0F4D5FD5B7}.Debug|Any CPU.ActiveCfg = Debug|Any CPU
		{4DEA05A5-C4A9-4922-921B-FD0F4D5FD5B7}.Debug|Any CPU.Build.0 = Debug|Any CPU
		{4DEA05A5-C4A9-4922-921B-FD0F4D5FD5B7}.Release|Any CPU.ActiveCfg = Release|Any CPU
		{4DEA05A5-C4A9-4922-921B-FD0F4D5FD5B7}.Release|Any CPU.Build.0 = Release|Any CPU
	EndGlobalSection
	GlobalSection(SolutionProperties) = preSolution
		HideSolutionNode = FALSE
	EndGlobalSection
	GlobalSection(ExtensibilityGlobals) = postSolution
		SolutionGuid = {45A8FCB7-2B6F-44F8-8375-4D286964801B}
	EndGlobalSection
EndGlobal
